// !$*UTF8*$!
{
	archiveVersion = 1;
	classes = {
	};
	objectVersion = 55;
	objects = {

/* Begin PBXBuildFile section */
		77E602442771232A00E59F9E /* AppDelegate.swift in Sources */ = {isa = PBXBuildFile; fileRef = 77E602432771232A00E59F9E /* AppDelegate.swift */; };
		77E602462771232A00E59F9E /* SceneDelegate.swift in Sources */ = {isa = PBXBuildFile; fileRef = 77E602452771232A00E59F9E /* SceneDelegate.swift */; };
		77E602482771232A00E59F9E /* ViewController.swift in Sources */ = {isa = PBXBuildFile; fileRef = 77E602472771232A00E59F9E /* ViewController.swift */; };
		77E6024B2771232A00E59F9E /* Main.storyboard in Resources */ = {isa = PBXBuildFile; fileRef = 77E602492771232A00E59F9E /* Main.storyboard */; };
		77E6024D2771233000E59F9E /* Assets.xcassets in Resources */ = {isa = PBXBuildFile; fileRef = 77E6024C2771233000E59F9E /* Assets.xcassets */; };
		77E602502771233000E59F9E /* LaunchScreen.storyboard in Resources */ = {isa = PBXBuildFile; fileRef = 77E6024E2771233000E59F9E /* LaunchScreen.storyboard */; };
		77E602582773505E00E59F9E /* Constants.swift in Sources */ = {isa = PBXBuildFile; fileRef = 77E602572773505E00E59F9E /* Constants.swift */; };
		77E6025A277354C100E59F9E /* Video.swift in Sources */ = {isa = PBXBuildFile; fileRef = 77E60259277354C100E59F9E /* Video.swift */; };
		77E6025C277354FF00E59F9E /* Model.swift in Sources */ = {isa = PBXBuildFile; fileRef = 77E6025B277354FF00E59F9E /* Model.swift */; };
		77E6025E2775DABD00E59F9E /* Response.swift in Sources */ = {isa = PBXBuildFile; fileRef = 77E6025D2775DABD00E59F9E /* Response.swift */; };
		77E60260277C5BFA00E59F9E /* VideoTableViewCell.swift in Sources */ = {isa = PBXBuildFile; fileRef = 77E6025F277C5BFA00E59F9E /* VideoTableViewCell.swift */; };
		77E60267277C687500E59F9E /* CacheManager.swift in Sources */ = {isa = PBXBuildFile; fileRef = 77E60266277C687500E59F9E /* CacheManager.swift */; };
		77E60269277DFC1800E59F9E /* DetailViewController.swift in Sources */ = {isa = PBXBuildFile; fileRef = 77E60268277DFC1800E59F9E /* DetailViewController.swift */; };
		77E6026C277E0A9400E59F9E /* WebKit.framework in Frameworks */ = {isa = PBXBuildFile; fileRef = 77E6026B277E0A9400E59F9E /* WebKit.framework */; };
/* End PBXBuildFile section */

/* Begin PBXFileReference section */
		77E602402771232A00E59F9E /* youtube-onedaybuild.app */ = {isa = PBXFileReference; explicitFileType = wrapper.application; includeInIndex = 0; path = "youtube-onedaybuild.app"; sourceTree = BUILT_PRODUCTS_DIR; };
		77E602432771232A00E59F9E /* AppDelegate.swift */ = {isa = PBXFileReference; lastKnownFileType = sourcecode.swift; path = AppDelegate.swift; sourceTree = "<group>"; };
		77E602452771232A00E59F9E /* SceneDelegate.swift */ = {isa = PBXFileReference; lastKnownFileType = sourcecode.swift; path = SceneDelegate.swift; sourceTree = "<group>"; };
		77E602472771232A00E59F9E /* ViewController.swift */ = {isa = PBXFileReference; lastKnownFileType = sourcecode.swift; path = ViewController.swift; sourceTree = "<group>"; };
		77E6024A2771232A00E59F9E /* Base */ = {isa = PBXFileReference; lastKnownFileType = file.storyboard; name = Base; path = Base.lproj/Main.storyboard; sourceTree = "<group>"; };
		77E6024C2771233000E59F9E /* Assets.xcassets */ = {isa = PBXFileReference; lastKnownFileType = folder.assetcatalog; path = Assets.xcassets; sourceTree = "<group>"; };
		77E6024F2771233000E59F9E /* Base */ = {isa = PBXFileReference; lastKnownFileType = file.storyboard; name = Base; path = Base.lproj/LaunchScreen.storyboard; sourceTree = "<group>"; };
		77E602512771233000E59F9E /* Info.plist */ = {isa = PBXFileReference; lastKnownFileType = text.plist.xml; path = Info.plist; sourceTree = "<group>"; };
		77E602572773505E00E59F9E /* Constants.swift */ = {isa = PBXFileReference; lastKnownFileType = sourcecode.swift; path = Constants.swift; sourceTree = "<group>"; };
		77E60259277354C100E59F9E /* Video.swift */ = {isa = PBXFileReference; lastKnownFileType = sourcecode.swift; path = Video.swift; sourceTree = "<group>"; };
		77E6025B277354FF00E59F9E /* Model.swift */ = {isa = PBXFileReference; lastKnownFileType = sourcecode.swift; path = Model.swift; sourceTree = "<group>"; };
		77E6025D2775DABD00E59F9E /* Response.swift */ = {isa = PBXFileReference; lastKnownFileType = sourcecode.swift; path = Response.swift; sourceTree = "<group>"; };
		77E6025F277C5BFA00E59F9E /* VideoTableViewCell.swift */ = {isa = PBXFileReference; lastKnownFileType = sourcecode.swift; path = VideoTableViewCell.swift; sourceTree = "<group>"; };
		77E60266277C687500E59F9E /* CacheManager.swift */ = {isa = PBXFileReference; lastKnownFileType = sourcecode.swift; path = CacheManager.swift; sourceTree = "<group>"; };
		77E60268277DFC1800E59F9E /* DetailViewController.swift */ = {isa = PBXFileReference; lastKnownFileType = sourcecode.swift; path = DetailViewController.swift; sourceTree = "<group>"; };
		77E6026B277E0A9400E59F9E /* WebKit.framework */ = {isa = PBXFileReference; lastKnownFileType = wrapper.framework; name = WebKit.framework; path = System/Library/Frameworks/WebKit.framework; sourceTree = SDKROOT; };
/* End PBXFileReference section */

/* Begin PBXFrameworksBuildPhase section */
		77E6023D2771232A00E59F9E /* Frameworks */ = {
			isa = PBXFrameworksBuildPhase;
			buildActionMask = 2147483647;
			files = (
				77E6026C277E0A9400E59F9E /* WebKit.framework in Frameworks */,
			);
			runOnlyForDeploymentPostprocessing = 0;
		};
/* End PBXFrameworksBuildPhase section */

/* Begin PBXGroup section */
		77E602372771232A00E59F9E = {
			isa = PBXGroup;
			children = (
				77E602422771232A00E59F9E /* youtube-onedaybuild */,
				77E602412771232A00E59F9E /* Products */,
				77E6026A277E0A9400E59F9E /* Frameworks */,
			);
			sourceTree = "<group>";
		};
		77E602412771232A00E59F9E /* Products */ = {
			isa = PBXGroup;
			children = (
				77E602402771232A00E59F9E /* youtube-onedaybuild.app */,
			);
			name = Products;
			sourceTree = "<group>";
		};
		77E602422771232A00E59F9E /* youtube-onedaybuild */ = {
			isa = PBXGroup;
			children = (
				77E602432771232A00E59F9E /* AppDelegate.swift */,
				77E602452771232A00E59F9E /* SceneDelegate.swift */,
				77E60265277C5C3400E59F9E /* Helpers */,
				77E60264277C5C2700E59F9E /* Storyboards */,
				77E60263277C5C1A00E59F9E /* Models */,
				77E60262277C5C1300E59F9E /* Views */,
				77E60261277C5C0700E59F9E /* View Controllers */,
				77E6024C2771233000E59F9E /* Assets.xcassets */,
				77E602512771233000E59F9E /* Info.plist */,
			);
			path = "youtube-onedaybuild";
			sourceTree = "<group>";
		};
		77E60261277C5C0700E59F9E /* View Controllers */ = {
			isa = PBXGroup;
			children = (
				77E602472771232A00E59F9E /* ViewController.swift */,
				77E60268277DFC1800E59F9E /* DetailViewController.swift */,
			);
			path = "View Controllers";
			sourceTree = "<group>";
		};
		77E60262277C5C1300E59F9E /* Views */ = {
			isa = PBXGroup;
			children = (
				77E6025F277C5BFA00E59F9E /* VideoTableViewCell.swift */,
			);
			path = Views;
			sourceTree = "<group>";
		};
		77E60263277C5C1A00E59F9E /* Models */ = {
			isa = PBXGroup;
			children = (
				77E6025B277354FF00E59F9E /* Model.swift */,
				77E60259277354C100E59F9E /* Video.swift */,
				77E6025D2775DABD00E59F9E /* Response.swift */,
			);
			path = Models;
			sourceTree = "<group>";
		};
		77E60264277C5C2700E59F9E /* Storyboards */ = {
			isa = PBXGroup;
			children = (
				77E602492771232A00E59F9E /* Main.storyboard */,
				77E6024E2771233000E59F9E /* LaunchScreen.storyboard */,
			);
			path = Storyboards;
			sourceTree = "<group>";
		};
		77E60265277C5C3400E59F9E /* Helpers */ = {
			isa = PBXGroup;
			children = (
				77E60266277C687500E59F9E /* CacheManager.swift */,
				77E602572773505E00E59F9E /* Constants.swift */,
			);
			path = Helpers;
			sourceTree = "<group>";
		};
		77E6026A277E0A9400E59F9E /* Frameworks */ = {
			isa = PBXGroup;
			children = (
				77E6026B277E0A9400E59F9E /* WebKit.framework */,
			);
			name = Frameworks;
			sourceTree = "<group>";
		};
/* End PBXGroup section */

/* Begin PBXNativeTarget section */
		77E6023F2771232A00E59F9E /* youtube-onedaybuild */ = {
			isa = PBXNativeTarget;
			buildConfigurationList = 77E602542771233000E59F9E /* Build configuration list for PBXNativeTarget "youtube-onedaybuild" */;
			buildPhases = (
				77E6023C2771232A00E59F9E /* Sources */,
				77E6023D2771232A00E59F9E /* Frameworks */,
				77E6023E2771232A00E59F9E /* Resources */,
			);
			buildRules = (
			);
			dependencies = (
			);
			name = "youtube-onedaybuild";
			productName = "youtube-onedaybuild";
			productReference = 77E602402771232A00E59F9E /* youtube-onedaybuild.app */;
			productType = "com.apple.product-type.application";
		};
/* End PBXNativeTarget section */

/* Begin PBXProject section */
		77E602382771232A00E59F9E /* Project object */ = {
			isa = PBXProject;
			attributes = {
				BuildIndependentTargetsInParallel = 1;
				LastSwiftUpdateCheck = 1310;
				LastUpgradeCheck = 1310;
				TargetAttributes = {
					77E6023F2771232A00E59F9E = {
						CreatedOnToolsVersion = 13.1;
					};
				};
			};
			buildConfigurationList = 77E6023B2771232A00E59F9E /* Build configuration list for PBXProject "youtube-onedaybuild" */;
			compatibilityVersion = "Xcode 13.0";
			developmentRegion = en;
			hasScannedForEncodings = 0;
			knownRegions = (
				en,
				Base,
			);
			mainGroup = 77E602372771232A00E59F9E;
			productRefGroup = 77E602412771232A00E59F9E /* Products */;
			projectDirPath = "";
			projectRoot = "";
			targets = (
				77E6023F2771232A00E59F9E /* youtube-onedaybuild */,
			);
		};
/* End PBXProject section */

/* Begin PBXResourcesBuildPhase section */
		77E6023E2771232A00E59F9E /* Resources */ = {
			isa = PBXResourcesBuildPhase;
			buildActionMask = 2147483647;
			files = (
				77E602502771233000E59F9E /* LaunchScreen.storyboard in Resources */,
				77E6024D2771233000E59F9E /* Assets.xcassets in Resources */,
				77E6024B2771232A00E59F9E /* Main.storyboard in Resources */,
			);
			runOnlyForDeploymentPostprocessing = 0;
		};
/* End PBXResourcesBuildPhase section */

/* Begin PBXSourcesBuildPhase section */
		77E6023C2771232A00E59F9E /* Sources */ = {
			isa = PBXSourcesBuildPhase;
			buildActionMask = 2147483647;
			files = (
				77E602482771232A00E59F9E /* ViewController.swift in Sources */,
				77E60267277C687500E59F9E /* CacheManager.swift in Sources */,
				77E602442771232A00E59F9E /* AppDelegate.swift in Sources */,
				77E602462771232A00E59F9E /* SceneDelegate.swift in Sources */,
				77E6025C277354FF00E59F9E /* Model.swift in Sources */,
				77E602582773505E00E59F9E /* Constants.swift in Sources */,
				77E60260277C5BFA00E59F9E /* VideoTableViewCell.swift in Sources */,
				77E60269277DFC1800E59F9E /* DetailViewController.swift in Sources */,
				77E6025A277354C100E59F9E /* Video.swift in Sources */,
				77E6025E2775DABD00E59F9E /* Response.swift in Sources */,
			);
			runOnlyForDeploymentPostprocessing = 0;
		};
/* End PBXSourcesBuildPhase section */

/* Begin PBXVariantGroup section */
		77E602492771232A00E59F9E /* Main.storyboard */ = {
			isa = PBXVariantGroup;
			children = (
				77E6024A2771232A00E59F9E /* Base */,
			);
			name = Main.storyboard;
			sourceTree = "<group>";
		};
		77E6024E2771233000E59F9E /* LaunchScreen.storyboard */ = {
			isa = PBXVariantGroup;
			children = (
				77E6024F2771233000E59F9E /* Base */,
			);
			name = LaunchScreen.storyboard;
			sourceTree = "<group>";
		};
/* End PBXVariantGroup section */

/* Begin XCBuildConfiguration section */
		77E602522771233000E59F9E /* Debug */ = {
			isa = XCBuildConfiguration;
			buildSettings = {
				ALWAYS_SEARCH_USER_PATHS = NO;
				CLANG_ANALYZER_NONNULL = YES;
				CLANG_ANALYZER_NUMBER_OBJECT_CONVERSION = YES_AGGRESSIVE;
				CLANG_CXX_LANGUAGE_STANDARD = "gnu++17";
				CLANG_CXX_LIBRARY = "libc++";
				CLANG_ENABLE_MODULES = YES;
				CLANG_ENABLE_OBJC_ARC = YES;
				CLANG_ENABLE_OBJC_WEAK = YES;
				CLANG_WARN_BLOCK_CAPTURE_AUTORELEASING = YES;
				CLANG_WARN_BOOL_CONVERSION = YES;
				CLANG_WARN_COMMA = YES;
				CLANG_WARN_CONSTANT_CONVERSION = YES;
				CLANG_WARN_DEPRECATED_OBJC_IMPLEMENTATIONS = YES;
				CLANG_WARN_DIRECT_OBJC_ISA_USAGE = YES_ERROR;
				CLANG_WARN_DOCUMENTATION_COMMENTS = YES;
				CLANG_WARN_EMPTY_BODY = YES;
				CLANG_WARN_ENUM_CONVERSION = YES;
				CLANG_WARN_INFINITE_RECURSION = YES;
				CLANG_WARN_INT_CONVERSION = YES;
				CLANG_WARN_NON_LITERAL_NULL_CONVERSION = YES;
				CLANG_WARN_OBJC_IMPLICIT_RETAIN_SELF = YES;
				CLANG_WARN_OBJC_LITERAL_CONVERSION = YES;
				CLANG_WARN_OBJC_ROOT_CLASS = YES_ERROR;
				CLANG_WARN_QUOTED_INCLUDE_IN_FRAMEWORK_HEADER = YES;
				CLANG_WARN_RANGE_LOOP_ANALYSIS = YES;
				CLANG_WARN_STRICT_PROTOTYPES = YES;
				CLANG_WARN_SUSPICIOUS_MOVE = YES;
				CLANG_WARN_UNGUARDED_AVAILABILITY = YES_AGGRESSIVE;
				CLANG_WARN_UNREACHABLE_CODE = YES;
				CLANG_WARN__DUPLICATE_METHOD_MATCH = YES;
				COPY_PHASE_STRIP = NO;
				DEBUG_INFORMATION_FORMAT = dwarf;
				ENABLE_STRICT_OBJC_MSGSEND = YES;
				ENABLE_TESTABILITY = YES;
				GCC_C_LANGUAGE_STANDARD = gnu11;
				GCC_DYNAMIC_NO_PIC = NO;
				GCC_NO_COMMON_BLOCKS = YES;
				GCC_OPTIMIZATION_LEVEL = 0;
				GCC_PREPROCESSOR_DEFINITIONS = (
					"DEBUG=1",
					"$(inherited)",
				);
				GCC_WARN_64_TO_32_BIT_CONVERSION = YES;
				GCC_WARN_ABOUT_RETURN_TYPE = YES_ERROR;
				GCC_WARN_UNDECLARED_SELECTOR = YES;
				GCC_WARN_UNINITIALIZED_AUTOS = YES_AGGRESSIVE;
				GCC_WARN_UNUSED_FUNCTION = YES;
				GCC_WARN_UNUSED_VARIABLE = YES;
				IPHONEOS_DEPLOYMENT_TARGET = 15.0;
				MTL_ENABLE_DEBUG_INFO = INCLUDE_SOURCE;
				MTL_FAST_MATH = YES;
				ONLY_ACTIVE_ARCH = YES;
				SDKROOT = iphoneos;
				SWIFT_ACTIVE_COMPILATION_CONDITIONS = DEBUG;
				SWIFT_OPTIMIZATION_LEVEL = "-Onone";
			};
			name = Debug;
		};
		77E602532771233000E59F9E /* Release */ = {
			isa = XCBuildConfiguration;
			buildSettings = {
				ALWAYS_SEARCH_USER_PATHS = NO;
				CLANG_ANALYZER_NONNULL = YES;
				CLANG_ANALYZER_NUMBER_OBJECT_CONVERSION = YES_AGGRESSIVE;
				CLANG_CXX_LANGUAGE_STANDARD = "gnu++17";
				CLANG_CXX_LIBRARY = "libc++";
				CLANG_ENABLE_MODULES = YES;
				CLANG_ENABLE_OBJC_ARC = YES;
				CLANG_ENABLE_OBJC_WEAK = YES;
				CLANG_WARN_BLOCK_CAPTURE_AUTORELEASING = YES;
				CLANG_WARN_BOOL_CONVERSION = YES;
				CLANG_WARN_COMMA = YES;
				CLANG_WARN_CONSTANT_CONVERSION = YES;
				CLANG_WARN_DEPRECATED_OBJC_IMPLEMENTATIONS = YES;
				CLANG_WARN_DIRECT_OBJC_ISA_USAGE = YES_ERROR;
				CLANG_WARN_DOCUMENTATION_COMMENTS = YES;
				CLANG_WARN_EMPTY_BODY = YES;
				CLANG_WARN_ENUM_CONVERSION = YES;
				CLANG_WARN_INFINITE_RECURSION = YES;
				CLANG_WARN_INT_CONVERSION = YES;
				CLANG_WARN_NON_LITERAL_NULL_CONVERSION = YES;
				CLANG_WARN_OBJC_IMPLICIT_RETAIN_SELF = YES;
				CLANG_WARN_OBJC_LITERAL_CONVERSION = YES;
				CLANG_WARN_OBJC_ROOT_CLASS = YES_ERROR;
				CLANG_WARN_QUOTED_INCLUDE_IN_FRAMEWORK_HEADER = YES;
				CLANG_WARN_RANGE_LOOP_ANALYSIS = YES;
				CLANG_WARN_STRICT_PROTOTYPES = YES;
				CLANG_WARN_SUSPICIOUS_MOVE = YES;
				CLANG_WARN_UNGUARDED_AVAILABILITY = YES_AGGRESSIVE;
				CLANG_WARN_UNREACHABLE_CODE = YES;
				CLANG_WARN__DUPLICATE_METHOD_MATCH = YES;
				COPY_PHASE_STRIP = NO;
				DEBUG_INFORMATION_FORMAT = "dwarf-with-dsym";
				ENABLE_NS_ASSERTIONS = NO;
				ENABLE_STRICT_OBJC_MSGSEND = YES;
				GCC_C_LANGUAGE_STANDARD = gnu11;
				GCC_NO_COMMON_BLOCKS = YES;
				GCC_WARN_64_TO_32_BIT_CONVERSION = YES;
				GCC_WARN_ABOUT_RETURN_TYPE = YES_ERROR;
				GCC_WARN_UNDECLARED_SELECTOR = YES;
				GCC_WARN_UNINITIALIZED_AUTOS = YES_AGGRESSIVE;
				GCC_WARN_UNUSED_FUNCTION = YES;
				GCC_WARN_UNUSED_VARIABLE = YES;
				IPHONEOS_DEPLOYMENT_TARGET = 15.0;
				MTL_ENABLE_DEBUG_INFO = NO;
				MTL_FAST_MATH = YES;
				SDKROOT = iphoneos;
				SWIFT_COMPILATION_MODE = wholemodule;
				SWIFT_OPTIMIZATION_LEVEL = "-O";
				VALIDATE_PRODUCT = YES;
			};
			name = Release;
		};
		77E602552771233000E59F9E /* Debug */ = {
			isa = XCBuildConfiguration;
			buildSettings = {
				ASSETCATALOG_COMPILER_APPICON_NAME = AppIcon;
				ASSETCATALOG_COMPILER_GLOBAL_ACCENT_COLOR_NAME = AccentColor;
				CODE_SIGN_STYLE = Automatic;
				CURRENT_PROJECT_VERSION = 1;
				DEVELOPMENT_TEAM = 6795FYL25B;
				GENERATE_INFOPLIST_FILE = YES;
				INFOPLIST_FILE = "youtube-onedaybuild/Info.plist";
				INFOPLIST_KEY_UIApplicationSupportsIndirectInputEvents = YES;
				INFOPLIST_KEY_UILaunchStoryboardName = LaunchScreen;
				INFOPLIST_KEY_UIMainStoryboardFile = Main;
				INFOPLIST_KEY_UISupportedInterfaceOrientations_iPad = "UIInterfaceOrientationPortrait UIInterfaceOrientationPortraitUpsideDown UIInterfaceOrientationLandscapeLeft UIInterfaceOrientationLandscapeRight";
				INFOPLIST_KEY_UISupportedInterfaceOrientations_iPhone = "UIInterfaceOrientationPortrait UIInterfaceOrientationLandscapeLeft UIInterfaceOrientationLandscapeRight";
				LD_RUNPATH_SEARCH_PATHS = (
					"$(inherited)",
					"@executable_path/Frameworks",
				);
				MARKETING_VERSION = 1.0;
				PRODUCT_BUNDLE_IDENTIFIER = "com.JakePasea.youtube-onedaybuild";
				PRODUCT_NAME = "$(TARGET_NAME)";
				SWIFT_EMIT_LOC_STRINGS = YES;
				SWIFT_VERSION = 5.0;
				TARGETED_DEVICE_FAMILY = "1,2";
			};
			name = Debug;
		};
		77E602562771233000E59F9E /* Release */ = {
			isa = XCBuildConfiguration;
			buildSettings = {
				ASSETCATALOG_COMPILER_APPICON_NAME = AppIcon;
				ASSETCATALOG_COMPILER_GLOBAL_ACCENT_COLOR_NAME = AccentColor;
				CODE_SIGN_STYLE = Automatic;
				CURRENT_PROJECT_VERSION = 1;
				DEVELOPMENT_TEAM = 6795FYL25B;
				GENERATE_INFOPLIST_FILE = YES;
				INFOPLIST_FILE = "youtube-onedaybuild/Info.plist";
				INFOPLIST_KEY_UIApplicationSupportsIndirectInputEvents = YES;
				INFOPLIST_KEY_UILaunchStoryboardName = LaunchScreen;
				INFOPLIST_KEY_UIMainStoryboardFile = Main;
				INFOPLIST_KEY_UISupportedInterfaceOrientations_iPad = "UIInterfaceOrientationPortrait UIInterfaceOrientationPortraitUpsideDown UIInterfaceOrientationLandscapeLeft UIInterfaceOrientationLandscapeRight";
				INFOPLIST_KEY_UISupportedInterfaceOrientations_iPhone = "UIInterfaceOrientationPortrait UIInterfaceOrientationLandscapeLeft UIInterfaceOrientationLandscapeRight";
				LD_RUNPATH_SEARCH_PATHS = (
					"$(inherited)",
					"@executable_path/Frameworks",
				);
				MARKETING_VERSION = 1.0;
				PRODUCT_BUNDLE_IDENTIFIER = "com.JakePasea.youtube-onedaybuild";
				PRODUCT_NAME = "$(TARGET_NAME)";
				SWIFT_EMIT_LOC_STRINGS = YES;
				SWIFT_VERSION = 5.0;
				TARGETED_DEVICE_FAMILY = "1,2";
			};
			name = Release;
		};
/* End XCBuildConfiguration section */

/* Begin XCConfigurationList section */
		77E6023B2771232A00E59F9E /* Build configuration list for PBXProject "youtube-onedaybuild" */ = {
			isa = XCConfigurationList;
			buildConfigurations = (
				77E602522771233000E59F9E /* Debug */,
				77E602532771233000E59F9E /* Release */,
			);
			defaultConfigurationIsVisible = 0;
			defaultConfigurationName = Release;
		};
		77E602542771233000E59F9E /* Build configuration list for PBXNativeTarget "youtube-onedaybuild" */ = {
			isa = XCConfigurationList;
			buildConfigurations = (
				77E602552771233000E59F9E /* Debug */,
				77E602562771233000E59F9E /* Release */,
			);
			defaultConfigurationIsVisible = 0;
			defaultConfigurationName = Release;
		};
/* End XCConfigurationList section */
	};
	rootObject = 77E602382771232A00E59F9E /* Project object */;
}
